{
  "requires": true,
  "lockfileVersion": 1,
  "dependencies": {
    "angular-calendar": {
      "version": "0.27.5",
      "resolved": "https://registry.npmjs.org/angular-calendar/-/angular-calendar-0.27.5.tgz",
      "integrity": "sha512-3fTb+f83ZFdOdC/AZAur07YIUpYR8FJJT0UHiK51yBvhq9jIRGBDvpjHG/BJpr85/Zr5QccMO2Z/Hs80pWu3/A==",
      "requires": {
        "angular-draggable-droppable": "^4.3.0",
        "angular-resizable-element": "^3.2.4",
        "calendar-utils": "^0.3.1",
        "positioning": "^1.4.0",
        "tslib": "^1.9.0"
      }
    },
    "angular-draggable-droppable": {
      "version": "4.3.0",
      "resolved": "https://registry.npmjs.org/angular-draggable-droppable/-/angular-draggable-droppable-4.3.0.tgz",
      "integrity": "sha512-IDUeUxZ0+0Y+ya/CDV5PMc5b3sjr4/aIVcTmo+jJhUusOWrCSKogxZDW7cK61B34/YVllb2K5gkzfzvLiYfQZw==",
      "requires": {
        "dom-autoscroller": "^2.3.4",
        "tslib": "^1.9.0"
      }
    },
    "angular-resizable-element": {
      "version": "3.2.4",
      "resolved": "https://registry.npmjs.org/angular-resizable-element/-/angular-resizable-element-3.2.4.tgz",
      "integrity": "sha512-Qd/WRTaJgmDJoeWzmK0F52I3X0nLtFPirmsVC2ceic4EQ/3X2yYFCOWgCtH+PvMZct6Whoky3OQLqCpFXQsKHQ==",
      "requires": {
        "tslib": "^1.9.0"
      }
    },
    "animation-frame-polyfill": {
      "version": "1.0.1",
      "resolved": "https://registry.npmjs.org/animation-frame-polyfill/-/animation-frame-polyfill-1.0.1.tgz",
      "integrity": "sha1-X1rZk6eHlL0Xas3lttzmKGdBDJ0="
    },
    "array-from": {
      "version": "2.1.1",
      "resolved": "https://registry.npmjs.org/array-from/-/array-from-2.1.1.tgz",
      "integrity": "sha1-z+nYwmYoudxa7MYqn12PHzUsEZU="
    },
    "calendar-utils": {
      "version": "0.3.1",
      "resolved": "https://registry.npmjs.org/calendar-utils/-/calendar-utils-0.3.1.tgz",
      "integrity": "sha512-0XSJ/dP6QDeO9higbWZmf/ZE9mAUq05HdUONbSNpmwhKfKQ8zf6fMdU6M0ySv0q+TkdwjaGy0DFTRzSUZMsTVw=="
    },
    "create-point-cb": {
      "version": "1.2.0",
      "resolved": "https://registry.npmjs.org/create-point-cb/-/create-point-cb-1.2.0.tgz",
      "integrity": "sha1-G85H/E/AGFXuEhONZ2sMsqfLznE=",
      "requires": {
        "type-func": "^1.0.1"
      }
    },
    "date-fns": {
      "version": "1.30.1",
      "resolved": "https://registry.npmjs.org/date-fns/-/date-fns-1.30.1.tgz",
      "integrity": "sha512-hBSVCvSmWC+QypYObzwGOd9wqdDpOt+0wl0KbU+R+uuZBS1jN8VsD1ss3irQDknRj5NvxiTF6oj/nDRnN/UQNw=="
    },
    "dom-autoscroller": {
      "version": "2.3.4",
      "resolved": "https://registry.npmjs.org/dom-autoscroller/-/dom-autoscroller-2.3.4.tgz",
      "integrity": "sha512-HcAdt/2Dq9x4CG6LWXc2x9Iq0MJPAu8fuzHncclq7byufqYEYVtx9sZ/dyzR+gdj4qwEC9p27Lw1G2HRRYX6jQ==",
      "requires": {
        "animation-frame-polyfill": "^1.0.0",
        "create-point-cb": "^1.0.0",
        "dom-mousemove-dispatcher": "^1.0.1",
        "dom-plane": "^1.0.1",
        "dom-set": "^1.0.1",
        "type-func": "^1.0.1"
      }
    },
    "dom-mousemove-dispatcher": {
      "version": "1.0.1",
      "resolved": "https://registry.npmjs.org/dom-mousemove-dispatcher/-/dom-mousemove-dispatcher-1.0.1.tgz",
      "integrity": "sha1-okpt35Oye7NpT3IIdUalf8fpFA8="
    },
    "dom-plane": {
      "version": "1.0.2",
      "resolved": "https://registry.npmjs.org/dom-plane/-/dom-plane-1.0.2.tgz",
      "integrity": "sha1-+MheaXxYfxR+j8L6wd4HjB/kFyw=",
      "requires": {
        "create-point-cb": "^1.0.0"
      }
    },
    "dom-set": {
      "version": "1.1.1",
      "resolved": "https://registry.npmjs.org/dom-set/-/dom-set-1.1.1.tgz",
      "integrity": "sha1-XCxhDuSDm1IO1fmN28vjFMD6lUo=",
      "requires": {
        "array-from": "^2.1.1",
        "is-array": "^1.0.1",
        "iselement": "^1.1.4"
      }
    },
    "is-array": {
      "version": "1.0.1",
      "resolved": "https://registry.npmjs.org/is-array/-/is-array-1.0.1.tgz",
      "integrity": "sha1-6YUMwsyGDDvAl36EzPDdRkWEJ5o="
    },
    "iselement": {
      "version": "1.1.4",
      "resolved": "https://registry.npmjs.org/iselement/-/iselement-1.1.4.tgz",
      "integrity": "sha1-flW1Ko68pQp+LoDluNKEDzI1MUY="
    },
    "positioning": {
      "version": "1.4.0",
      "resolved": "https://registry.npmjs.org/positioning/-/positioning-1.4.0.tgz",
      "integrity": "sha512-LbN+mgAXtcDdN46xMJ3yZwjndqqYJODaO5qKmU+MVMu5tL3K2dlm1Qha/zh1k2JAFym5HDaZpnPfO4gr91VTRw=="
    },
    "tslib": {
      "version": "1.9.3",
      "resolved": "https://registry.npmjs.org/tslib/-/tslib-1.9.3.tgz",
      "integrity": "sha512-4krF8scpejhaOgqzBEcGM7yDIEfi0/8+8zDRZhNZZ2kjmHJ4hv3zCbQWxoJGz1iw5U0Jl0nma13xzHXcncMavQ=="
    },
    "type-func": {
      "version": "1.0.3",
      "resolved": "https://registry.npmjs.org/type-func/-/type-func-1.0.3.tgz",
      "integrity": "sha1-qxhCNK6A2NUAV87+/zstl9CK6bA="
    }
  }
}
